
Microsoft Visual Studio Solution File, Format Version 12.00
# Visual Studio Version 17
VisualStudioVersion = 17.11.35222.181
MinimumVisualStudioVersion = 10.0.40219.1
Project("{FAE04EC0-301F-11D3-BF4B-00C04F79EFBC}") = "Week15OOPAndFiles", "Week15OOPAndFiles\Week15OOPAndFiles.csproj", "{C8E9992A-209A-4158-AF13-9B7F00FD21B1}"
EndProject
Global
	GlobalSection(SolutionConfigurationPlatforms) = preSolution
		Debug|Any CPU = Debug|Any CPU
		Release|Any CPU = Release|Any CPU
	EndGlobalSection
	GlobalSection(ProjectConfigurationPlatforms) = postSolution
		{C8E9992A-209A-4158-AF13-9B7F00FD21B1}.Debug|Any CPU.ActiveCfg = Debug|Any CPU
		{C8E9992A-209A-4158-AF13-9B7F00FD21B1}.Debug|Any CPU.Build.0 = Debug|Any CPU
		{C8E9992A-209A-4158-AF13-9B7F00FD21B1}.Release|Any CPU.ActiveCfg = Release|Any CPU
		{C8E9992A-209A-4158-AF13-9B7F00FD21B1}.Release|Any CPU.Build.0 = Release|Any CPU
	EndGlobalSection
	GlobalSection(SolutionProperties) = preSolution
		HideSolutionNode = FALSE
	EndGlobalSection
	GlobalSection(ExtensibilityGlobals) = postSolution
		SolutionGuid = {CC4788AB-21B9-4EF7-8A97-6D40DF5F8F0C}
	EndGlobalSection
EndGlobal
